
Microsoft Visual Studio Solution File, Format Version 12.00
Project("{FAE04EC0-301F-11D3-BF4B-00C04F79EFBC}") = "PublshingMVCApp", "PublshingMVCApp\PublshingMVCApp.csproj", "{F8B75E24-F7B6-4BAC-899A-62AFD90EAC29}"
EndProject
Global
	GlobalSection(SolutionConfigurationPlatforms) = preSolution
		Debug|Any CPU = Debug|Any CPU
		Release|Any CPU = Release|Any CPU
	EndGlobalSection
	GlobalSection(ProjectConfigurationPlatforms) = postSolution
		{F8B75E24-F7B6-4BAC-899A-62AFD90EAC29}.Debug|Any CPU.ActiveCfg = Debug|Any CPU
		{F8B75E24-F7B6-4BAC-899A-62AFD90EAC29}.Debug|Any CPU.Build.0 = Debug|Any CPU
		{F8B75E24-F7B6-4BAC-899A-62AFD90EAC29}.Release|Any CPU.ActiveCfg = Release|Any CPU
		{F8B75E24-F7B6-4BAC-899A-62AFD90EAC29}.Release|Any CPU.Build.0 = Release|Any CPU
	EndGlobalSection
EndGlobal
